{
  "name": "covid-19-le-jeu",
  "version": "1.0.0",
  "lockfileVersion": 1,
  "requires": true,
  "dependencies": {
    "animate.css": {
      "version": "3.7.2",
      "resolved": "https://artifact.socrate.vsct.fr/artifactory/api/npm/all-npm/animate.css/-/animate.css-3.7.2.tgz",
      "integrity": "sha1-5z4NUOkssc/vFZfZs4qUgQIOCOo="
    },
    "wowjs": {
      "version": "1.1.3",
      "resolved": "https://artifact.socrate.vsct.fr/artifactory/api/npm/all-npm/wowjs/-/wowjs-1.1.3.tgz",
      "integrity": "sha1-RA/Bu0x+iWhA7keXIpaitZB1rL0=",
      "requires": {
        "animate.css": "^3.7.2"
      }
    }
  }
}
